
Microsoft Visual Studio Solution File, Format Version 12.00
# Visual Studio Version 16
VisualStudioVersion = 16.0.30621.155
MinimumVisualStudioVersion = 10.0.40219.1
Project("{9A19103F-16F7-4668-BE54-9A1E7A4F7556}") = "TestTask", "TestTask\TestTask.csproj", "{C45792C6-2BB5-4B5F-90F5-6E41ED754333}"
EndProject
Global
	GlobalSection(SolutionConfigurationPlatforms) = preSolution
		Debug|Any CPU = Debug|Any CPU
		Release|Any CPU = Release|Any CPU
	EndGlobalSection
	GlobalSection(ProjectConfigurationPlatforms) = postSolution
		{C45792C6-2BB5-4B5F-90F5-6E41ED754333}.Debug|Any CPU.ActiveCfg = Debug|Any CPU
		{C45792C6-2BB5-4B5F-90F5-6E41ED754333}.Debug|Any CPU.Build.0 = Debug|Any CPU
		{C45792C6-2BB5-4B5F-90F5-6E41ED754333}.Release|Any CPU.ActiveCfg = Release|Any CPU
		{C45792C6-2BB5-4B5F-90F5-6E41ED754333}.Release|Any CPU.Build.0 = Release|Any CPU
	EndGlobalSection
	GlobalSection(SolutionProperties) = preSolution
		HideSolutionNode = FALSE
	EndGlobalSection
	GlobalSection(ExtensibilityGlobals) = postSolution
		SolutionGuid = {A29FD20F-38BC-433F-81AF-CF2C2D5DD400}
	EndGlobalSection
EndGlobal
